
Microsoft Visual Studio Solution File, Format Version 12.00
# Visual Studio Version 16
VisualStudioVersion = 16.0.30804.86
MinimumVisualStudioVersion = 10.0.40219.1
Project("{FAE04EC0-301F-11D3-BF4B-00C04F79EFBC}") = "TEST_ASP_APP", "TEST_ASP_APP.csproj", "{94018649-DF27-4095-A81C-78F9FF26D2E3}"
EndProject
Global
	GlobalSection(SolutionConfigurationPlatforms) = preSolution
		Debug|Any CPU = Debug|Any CPU
		Release|Any CPU = Release|Any CPU
	EndGlobalSection
	GlobalSection(ProjectConfigurationPlatforms) = postSolution
		{94018649-DF27-4095-A81C-78F9FF26D2E3}.Debug|Any CPU.ActiveCfg = Debug|Any CPU
		{94018649-DF27-4095-A81C-78F9FF26D2E3}.Debug|Any CPU.Build.0 = Debug|Any CPU
		{94018649-DF27-4095-A81C-78F9FF26D2E3}.Release|Any CPU.ActiveCfg = Release|Any CPU
		{94018649-DF27-4095-A81C-78F9FF26D2E3}.Release|Any CPU.Build.0 = Release|Any CPU
	EndGlobalSection
	GlobalSection(SolutionProperties) = preSolution
		HideSolutionNode = FALSE
	EndGlobalSection
	GlobalSection(ExtensibilityGlobals) = postSolution
		SolutionGuid = {DBA20EA5-8AE2-4EF1-8C20-9869C86316BD}
	EndGlobalSection
EndGlobal
